
Microsoft Visual Studio Solution File, Format Version 12.00
# Visual Studio Version 17
VisualStudioVersion = 17.14.36401.2 d17.14
MinimumVisualStudioVersion = 10.0.40219.1
Project("{FAE04EC0-301F-11D3-BF4B-00C04F79EFBC}") = "Class_Practice", "Class_Practice.csproj", "{49E5A702-B1F5-4214-9B7C-267C976EDBE3}"
EndProject
Global
	GlobalSection(SolutionConfigurationPlatforms) = preSolution
		Debug|Any CPU = Debug|Any CPU
		Release|Any CPU = Release|Any CPU
	EndGlobalSection
	GlobalSection(ProjectConfigurationPlatforms) = postSolution
		{49E5A702-B1F5-4214-9B7C-267C976EDBE3}.Debug|Any CPU.ActiveCfg = Debug|Any CPU
		{49E5A702-B1F5-4214-9B7C-267C976EDBE3}.Debug|Any CPU.Build.0 = Debug|Any CPU
		{49E5A702-B1F5-4214-9B7C-267C976EDBE3}.Release|Any CPU.ActiveCfg = Release|Any CPU
		{49E5A702-B1F5-4214-9B7C-267C976EDBE3}.Release|Any CPU.Build.0 = Release|Any CPU
	EndGlobalSection
	GlobalSection(SolutionProperties) = preSolution
		HideSolutionNode = FALSE
	EndGlobalSection
	GlobalSection(ExtensibilityGlobals) = postSolution
		SolutionGuid = {FB3E0BBD-C9DB-499A-AE31-0F8B07DA5FA0}
	EndGlobalSection
EndGlobal
